{
  "name": "example",
  "version": "0.5.3",
  "lockfileVersion": 1,
  "requires": true,
  "dependencies": {
    "bail": {
      "version": "1.0.3",
      "resolved": "https://registry.npmjs.org/bail/-/bail-1.0.3.tgz",
      "integrity": "sha512-1X8CnjFVQ+a+KW36uBNMTU5s8+v5FzeqrP7hTG5aTb4aPreSbZJlhwPon9VKMuEVgV++JM+SQrALY3kr7eswdg=="
    },
    "ccount": {
      "version": "1.0.3",
      "resolved": "https://registry.npmjs.org/ccount/-/ccount-1.0.3.tgz",
      "integrity": "sha512-Jt9tIBkRc9POUof7QA/VwWd+58fKkEEfI+/t1/eOlxKM7ZhrczNzMFefge7Ai+39y1pR/pP6cI19guHy3FSLmw=="
    },
    "character-entities-html4": {
      "version": "1.1.2",
      "resolved": "https://registry.npmjs.org/character-entities-html4/-/character-entities-html4-1.1.2.tgz",
      "integrity": "sha512-sIrXwyna2+5b0eB9W149izTPJk/KkJTg6mEzDGibwBUkyH1SbDa+nf515Ppdi3MaH35lW0JFJDWeq9Luzes1Iw=="
    },
    "character-entities-legacy": {
      "version": "1.1.2",
      "resolved": "https://registry.npmjs.org/character-entities-legacy/-/character-entities-legacy-1.1.2.tgz",
      "integrity": "sha512-9NB2VbXtXYWdXzqrvAHykE/f0QJxzaKIpZ5QzNZrrgQ7Iyxr2vnfS8fCBNVW9nUEZE0lo57nxKRqnzY/dKrwlA=="
    },
    "clipboard": {
      "version": "2.0.1",
      "resolved": "https://registry.npmjs.org/clipboard/-/clipboard-2.0.1.tgz",
      "integrity": "sha512-7yhQBmtN+uYZmfRjjVjKa0dZdWuabzpSKGtyQZN+9C8xlC788SSJjOHWh7tzurfwTqTD5UDYAhIv5fRJg3sHjQ==",
      "optional": true,
      "requires": {
        "good-listener": "^1.2.2",
        "select": "^1.1.2",
        "tiny-emitter": "^2.0.0"
      }
    },
    "comma-separated-tokens": {
      "version": "1.0.5",
      "resolved": "https://registry.npmjs.org/comma-separated-tokens/-/comma-separated-tokens-1.0.5.tgz",
      "integrity": "sha512-Cg90/fcK93n0ecgYTAz1jaA3zvnQ0ExlmKY1rdbyHqAx6BHxwoJc+J7HDu0iuQ7ixEs1qaa+WyQ6oeuBpYP1iA==",
      "requires": {
        "trim": "0.0.1"
      }
    },
    "delegate": {
      "version": "3.2.0",
      "resolved": "https://registry.npmjs.org/delegate/-/delegate-3.2.0.tgz",
      "integrity": "sha512-IofjkYBZaZivn0V8nnsMJGBr4jVLxHDheKSW88PyxS5QC4Vo9ZbZVvhzlSxY87fVq3STR6r+4cGepyHkcWOQSw==",
      "optional": true
    },
    "extend": {
      "version": "3.0.2",
      "resolved": "https://registry.npmjs.org/extend/-/extend-3.0.2.tgz",
      "integrity": "sha512-fjquC59cD7CyW6urNXK0FBufkZcoiGG80wTuPujX590cB5Ttln20E2UB4S/WARVqhXffZl2LNgS+gQdPIIim/g=="
    },
    "good-listener": {
      "version": "1.2.2",
      "resolved": "https://registry.npmjs.org/good-listener/-/good-listener-1.2.2.tgz",
      "integrity": "sha1-1TswzfkxPf+33JoNR3CWqm0UXFA=",
      "optional": true,
      "requires": {
        "delegate": "^3.1.2"
      }
    },
    "hast-util-is-element": {
      "version": "1.0.1",
      "resolved": "https://registry.npmjs.org/hast-util-is-element/-/hast-util-is-element-1.0.1.tgz",
      "integrity": "sha512-s/ggaNehYVqmLgTXEv12Lbb72bsOD2r5DhAqPgtDdaI/YFNXVzz0zHFVJnhjIjn7Nak8GbL4nzT2q0RA5div+A=="
    },
    "hast-util-to-html": {
      "version": "4.0.1",
      "resolved": "https://registry.npmjs.org/hast-util-to-html/-/hast-util-to-html-4.0.1.tgz",
      "integrity": "sha512-2emzwyf0xEsc4TBIPmDJmBttIw8R4SXAJiJZoiRR/s47ODYWgOqNoDbf2SJAbMbfNdFWMiCSOrI3OVnX6Qq2Mg==",
      "requires": {
        "ccount": "^1.0.0",
        "comma-separated-tokens": "^1.0.1",
        "hast-util-is-element": "^1.0.0",
        "hast-util-whitespace": "^1.0.0",
        "html-void-elements": "^1.0.0",
        "property-information": "^4.0.0",
        "space-separated-tokens": "^1.0.0",
        "stringify-entities": "^1.0.1",
        "unist-util-is": "^2.0.0",
        "xtend": "^4.0.1"
      }
    },
    "hast-util-whitespace": {
      "version": "1.0.1",
      "resolved": "https://registry.npmjs.org/hast-util-whitespace/-/hast-util-whitespace-1.0.1.tgz",
      "integrity": "sha512-Mfx2ZnmVMTAopZ8as42nKrNt650tCZYhy/MPeO1Imdg/cmCWK6GUSnFrrE3ezGjVifn7x5zMfu8jrjwIGyImSw=="
    },
    "html-void-elements": {
      "version": "1.0.3",
      "resolved": "https://registry.npmjs.org/html-void-elements/-/html-void-elements-1.0.3.tgz",
      "integrity": "sha512-SaGhCDPXJVNrQyKMtKy24q6IMdXg5FCPN3z+xizxw9l+oXQw5fOoaj/ERU5KqWhSYhXtW5bWthlDbTDLBhJQrA=="
    },
    "is-alphabetical": {
      "version": "1.0.2",
      "resolved": "https://registry.npmjs.org/is-alphabetical/-/is-alphabetical-1.0.2.tgz",
      "integrity": "sha512-V0xN4BYezDHcBSKb1QHUFMlR4as/XEuCZBzMJUU4n7+Cbt33SmUnSol+pnXFvLxSHNq2CemUXNdaXV6Flg7+xg=="
    },
    "is-alphanumerical": {
      "version": "1.0.2",
      "resolved": "https://registry.npmjs.org/is-alphanumerical/-/is-alphanumerical-1.0.2.tgz",
      "integrity": "sha512-pyfU/0kHdISIgslFfZN9nfY1Gk3MquQgUm1mJTjdkEPpkAKNWuBTSqFwewOpR7N351VkErCiyV71zX7mlQQqsg==",
      "requires": {
        "is-alphabetical": "^1.0.0",
        "is-decimal": "^1.0.0"
      }
    },
    "is-buffer": {
      "version": "2.0.3",
      "resolved": "https://registry.npmjs.org/is-buffer/-/is-buffer-2.0.3.tgz",
      "integrity": "sha512-U15Q7MXTuZlrbymiz95PJpZxu8IlipAp4dtS3wOdgPXx3mqBnslrWU14kxfHB+Py/+2PVKSr37dMAgM2A4uArw=="
    },
    "is-decimal": {
      "version": "1.0.2",
      "resolved": "https://registry.npmjs.org/is-decimal/-/is-decimal-1.0.2.tgz",
      "integrity": "sha512-TRzl7mOCchnhchN+f3ICUCzYvL9ul7R+TYOsZ8xia++knyZAJfv/uA1FvQXsAnYIl1T3B2X5E/J7Wb1QXiIBXg=="
    },
    "is-hexadecimal": {
      "version": "1.0.2",
      "resolved": "https://registry.npmjs.org/is-hexadecimal/-/is-hexadecimal-1.0.2.tgz",
      "integrity": "sha512-but/G3sapV3MNyqiDBLrOi4x8uCIw0RY3o/Vb5GT0sMFHrVV7731wFSVy41T5FO1og7G0gXLJh0MkgPRouko/A=="
    },
    "is-plain-obj": {
      "version": "1.1.0",
      "resolved": "https://registry.npmjs.org/is-plain-obj/-/is-plain-obj-1.1.0.tgz",
      "integrity": "sha1-caUMhCnfync8kqOQpKA7OfzVHT4="
    },
    "mime": {
      "version": "2.3.1",
      "resolved": "https://registry.npmjs.org/mime/-/mime-2.3.1.tgz",
      "integrity": "sha512-OEUllcVoydBHGN1z84yfQDimn58pZNNNXgZlHXSboxMlFvgI6MXSWpWKpFRra7H1HxpVhHTkrghfRW49k6yjeg=="
    },
    "oast-to-hast": {
      "version": "0.5.2",
      "resolved": "https://registry.npmjs.org/oast-to-hast/-/oast-to-hast-0.5.2.tgz",
      "integrity": "sha512-TRTSMdYxq65gi+dKoDyS5IFIrCHbUUEjki09AbgVkD2x8O6XYlSOk7c7fYFBT0HYBWLF1MlSNhzSPfKMlH4yQw==",
      "requires": {
        "mime": "^2.3.1",
        "prismjs": "^1.15.0",
        "unist-builder": "^1.0.2"
      }
    },
    "object-assign": {
      "version": "4.1.1",
      "resolved": "https://registry.npmjs.org/object-assign/-/object-assign-4.1.1.tgz",
      "integrity": "sha1-IQmtx5ZYh8/AXLvUQsrIv7s2CGM="
    },
    "once": {
      "version": "1.4.0",
      "resolved": "https://registry.npmjs.org/once/-/once-1.4.0.tgz",
      "integrity": "sha1-WDsap3WWHUsROsF9nFC6753Xa9E=",
      "requires": {
        "wrappy": "1"
      }
    },
    "orga": {
      "version": "0.5.3",
      "resolved": "https://registry.npmjs.org/orga/-/orga-0.5.3.tgz",
      "integrity": "sha512-8Taq0Cis5qNgEaFpaFxh4Mpy1e85AxxersEqn+aIBpEwy9t57ksTAb/q6H7joB/16OaCNXYnWWZlr2lUXT6+yw=="
    },
    "orga-rehype": {
      "version": "0.5.2",
      "resolved": "https://registry.npmjs.org/orga-rehype/-/orga-rehype-0.5.2.tgz",
      "integrity": "sha512-m1uLIJw12nc8aPEkVZuwWcXbdxWBplXdEj7jDDnx1rjNGKhtTmDtiIEe7Q/JspRM9RXrbMF67/Ic2GtDUSZ/hQ==",
      "requires": {
        "oast-to-hast": "^0.5.2"
      }
    },
    "orga-unified": {
      "version": "0.5.3",
      "resolved": "https://registry.npmjs.org/orga-unified/-/orga-unified-0.5.3.tgz",
      "integrity": "sha512-z1VQ9qLUIeSnVT3E52qvQNNliYIMe9ZRKW3eMw0gsvYhZHdV5MXX/Oe+MFwmWfSDzM13c/ATl/06tC/3AsXwWw==",
      "requires": {
        "orga": "^0.5.3"
      }
    },
    "prismjs": {
      "version": "1.15.0",
      "resolved": "https://registry.npmjs.org/prismjs/-/prismjs-1.15.0.tgz",
      "integrity": "sha512-Lf2JrFYx8FanHrjoV5oL8YHCclLQgbJcVZR+gikGGMqz6ub5QVWDTM6YIwm3BuPxM/LOV+rKns3LssXNLIf+DA==",
      "requires": {
        "clipboard": "^2.0.0"
      }
    },
    "property-information": {
      "version": "4.2.0",
      "resolved": "https://registry.npmjs.org/property-information/-/property-information-4.2.0.tgz",
      "integrity": "sha512-TlgDPagHh+eBKOnH2VYvk8qbwsCG/TAJdmTL7f1PROUcSO8qt/KSmShEQ/OKvock8X9tFjtqjCScyOkkkvIKVQ==",
      "requires": {
        "xtend": "^4.0.1"
      }
    },
    "rehype-stringify": {
      "version": "4.0.0",
      "resolved": "https://registry.npmjs.org/rehype-stringify/-/rehype-stringify-4.0.0.tgz",
      "integrity": "sha512-ZWBQg2fW3/75jms314hu4YIqqlAwXdbzpmwd4ez/q4nKA/zKnVUKso0xe6PfGr5Xy5GXpn4uDr9gAYgBXam7vA==",
      "requires": {
        "hast-util-to-html": "^4.0.0",
        "xtend": "^4.0.1"
      }
    },
    "replace-ext": {
      "version": "1.0.0",
      "resolved": "https://registry.npmjs.org/replace-ext/-/replace-ext-1.0.0.tgz",
      "integrity": "sha1-3mMSg3P8v3w8z6TeWkgMRaZ5WOs="
    },
    "select": {
      "version": "1.1.2",
      "resolved": "https://registry.npmjs.org/select/-/select-1.1.2.tgz",
      "integrity": "sha1-DnNQrN7ICxEIUoeG7B1EGNEbOW0=",
      "optional": true
    },
    "space-separated-tokens": {
      "version": "1.1.2",
      "resolved": "https://registry.npmjs.org/space-separated-tokens/-/space-separated-tokens-1.1.2.tgz",
      "integrity": "sha512-G3jprCEw+xFEs0ORweLmblJ3XLymGGr6hxZYTYZjIlvDti9vOBUjRQa1Rzjt012aRrocKstHwdNi+F7HguPsEA==",
      "requires": {
        "trim": "0.0.1"
      }
    },
    "stringify-entities": {
      "version": "1.3.2",
      "resolved": "https://registry.npmjs.org/stringify-entities/-/stringify-entities-1.3.2.tgz",
      "integrity": "sha512-nrBAQClJAPN2p+uGCVJRPIPakKeKWZ9GtBCmormE7pWOSlHat7+x5A8gx85M7HM5Dt0BP3pP5RhVW77WdbJJ3A==",
      "requires": {
        "character-entities-html4": "^1.0.0",
        "character-entities-legacy": "^1.0.0",
        "is-alphanumerical": "^1.0.0",
        "is-hexadecimal": "^1.0.0"
      }
    },
    "tiny-emitter": {
      "version": "2.0.2",
      "resolved": "https://registry.npmjs.org/tiny-emitter/-/tiny-emitter-2.0.2.tgz",
      "integrity": "sha512-2NM0auVBGft5tee/OxP4PI3d8WItkDM+fPnaRAVo6xTDI2knbz9eC5ArWGqtGlYqiH3RU5yMpdyTTO7MguC4ow==",
      "optional": true
    },
    "trim": {
      "version": "0.0.1",
      "resolved": "https://registry.npmjs.org/trim/-/trim-0.0.1.tgz",
      "integrity": "sha1-WFhUf2spB1fulczMZm+1AITEYN0="
    },
    "trough": {
      "version": "1.0.3",
      "resolved": "https://registry.npmjs.org/trough/-/trough-1.0.3.tgz",
      "integrity": "sha512-fwkLWH+DimvA4YCy+/nvJd61nWQQ2liO/nF/RjkTpiOGi+zxZzVkhb1mvbHIIW4b/8nDsYI8uTmAlc0nNkRMOw=="
    },
    "unified": {
      "version": "7.0.0",
      "resolved": "https://registry.npmjs.org/unified/-/unified-7.0.0.tgz",
      "integrity": "sha512-j+Sm7upmmt3RXPBeA+KFGYBlHBxClnby2DtxezFKwMfhWTAklY4WbEdhwRo6c6GpuHdi04YDsyPKY/kh5a/xnQ==",
      "requires": {
        "bail": "^1.0.0",
        "extend": "^3.0.0",
        "is-plain-obj": "^1.1.0",
        "trough": "^1.0.0",
        "vfile": "^3.0.0",
        "x-is-string": "^0.1.0"
      }
    },
    "unified-stream": {
      "version": "1.0.2",
      "resolved": "https://registry.npmjs.org/unified-stream/-/unified-stream-1.0.2.tgz",
      "integrity": "sha512-hMPof8kORTeQwHjZ14rSM7Bb0prwFkjt248n9ZLkRBbxRLG3cIb+9htMRxMoGx8A3OiyTx3qfUZEcPV1P5a/YQ==",
      "requires": {
        "once": "^1.4.0"
      }
    },
    "unist-builder": {
      "version": "1.0.2",
      "resolved": "https://registry.npmjs.org/unist-builder/-/unist-builder-1.0.2.tgz",
      "integrity": "sha1-jDuZA+9kvPsRfdfPal2Y/Bs7J7Y=",
      "requires": {
        "object-assign": "^4.1.0"
      }
    },
    "unist-util-is": {
      "version": "2.1.2",
      "resolved": "https://registry.npmjs.org/unist-util-is/-/unist-util-is-2.1.2.tgz",
      "integrity": "sha512-YkXBK/H9raAmG7KXck+UUpnKiNmUdB+aBGrknfQ4EreE1banuzrKABx3jP6Z5Z3fMSPMQQmeXBlKpCbMwBkxVw=="
    },
    "unist-util-stringify-position": {
      "version": "1.1.2",
      "resolved": "https://registry.npmjs.org/unist-util-stringify-position/-/unist-util-stringify-position-1.1.2.tgz",
      "integrity": "sha512-pNCVrk64LZv1kElr0N1wPiHEUoXNVFERp+mlTg/s9R5Lwg87f9bM/3sQB99w+N9D/qnM9ar3+AKDBwo/gm/iQQ=="
    },
    "vfile": {
      "version": "3.0.0",
      "resolved": "https://registry.npmjs.org/vfile/-/vfile-3.0.0.tgz",
      "integrity": "sha512-X2DiPHL9Nxgfyu5DNVgtTkZtD4d4Zzf7rVBVI+uXP2pWWIQG8Ri+xAP9KdH/sB6SS0a1niWp5bRF88n4ciwhoA==",
      "requires": {
        "is-buffer": "^2.0.0",
        "replace-ext": "1.0.0",
        "unist-util-stringify-position": "^1.0.0",
        "vfile-message": "^1.0.0"
      }
    },
    "vfile-message": {
      "version": "1.0.1",
      "resolved": "https://registry.npmjs.org/vfile-message/-/vfile-message-1.0.1.tgz",
      "integrity": "sha512-vSGCkhNvJzO6VcWC6AlJW4NtYOVtS+RgCaqFIYUjoGIlHnFL+i0LbtYvonDWOMcB97uTPT4PRsyYY7REWC9vug==",
      "requires": {
        "unist-util-stringify-position": "^1.1.1"
      }
    },
    "wrappy": {
      "version": "1.0.2",
      "resolved": "https://registry.npmjs.org/wrappy/-/wrappy-1.0.2.tgz",
      "integrity": "sha1-tSQ9jz7BqjXxNkYFvA0QNuMKtp8="
    },
    "x-is-string": {
      "version": "0.1.0",
      "resolved": "https://registry.npmjs.org/x-is-string/-/x-is-string-0.1.0.tgz",
      "integrity": "sha1-R0tQhlrzpJqcRlfwWs0UVFj3fYI="
    },
    "xtend": {
      "version": "4.0.1",
      "resolved": "https://registry.npmjs.org/xtend/-/xtend-4.0.1.tgz",
      "integrity": "sha1-pcbVMr5lbiPbgg77lDofBJmNY68="
    }
  }
}
